
Microsoft Visual Studio Solution File, Format Version 12.00
# Visual Studio Version 17
VisualStudioVersion = 17.1.32421.90
MinimumVisualStudioVersion = 10.0.40219.1
Project("{FAE04EC0-301F-11D3-BF4B-00C04F79EFBC}") = "SuperHeroApi", "SuperHeroApi\SuperHeroApi.csproj", "{F284148D-A6BC-4B0D-A193-B9DC85CDA1FE}"
EndProject
Global
	GlobalSection(SolutionConfigurationPlatforms) = preSolution
		Debug|Any CPU = Debug|Any CPU
		Release|Any CPU = Release|Any CPU
	EndGlobalSection
	GlobalSection(ProjectConfigurationPlatforms) = postSolution
		{F284148D-A6BC-4B0D-A193-B9DC85CDA1FE}.Debug|Any CPU.ActiveCfg = Debug|Any CPU
		{F284148D-A6BC-4B0D-A193-B9DC85CDA1FE}.Debug|Any CPU.Build.0 = Debug|Any CPU
		{F284148D-A6BC-4B0D-A193-B9DC85CDA1FE}.Release|Any CPU.ActiveCfg = Release|Any CPU
		{F284148D-A6BC-4B0D-A193-B9DC85CDA1FE}.Release|Any CPU.Build.0 = Release|Any CPU
	EndGlobalSection
	GlobalSection(SolutionProperties) = preSolution
		HideSolutionNode = FALSE
	EndGlobalSection
	GlobalSection(ExtensibilityGlobals) = postSolution
		SolutionGuid = {ABC1813B-870F-4F62-AC54-581E7ABDBF56}
	EndGlobalSection
EndGlobal
